{
  "version": 4,
  "terraform_version": "1.12.2",
  "serial": 10,
  "lineage": "b2bee7df-725f-4625-3ea8-edb3d07424dc",
  "outputs": {},
  "resources": [
    {
      "mode": "managed",
      "type": "helm_release",
      "name": "jenkins",
      "provider": "provider[\"registry.terraform.io/hashicorp/helm\"]",
      "instances": [
        {
          "schema_version": 1,
          "attributes": {
            "atomic": false,
            "chart": "jenkins",
            "cleanup_on_fail": false,
            "create_namespace": true,
            "dependency_update": false,
            "description": null,
            "devel": null,
            "disable_crd_hooks": false,
            "disable_openapi_validation": false,
            "disable_webhooks": false,
            "force_update": false,
            "id": "jenkins",
            "keyring": null,
            "lint": false,
            "manifest": null,
            "max_history": 0,
            "metadata": [
              {
                "app_version": "2.426.3",
                "chart": "jenkins",
                "first_deployed": 1751924747,
                "last_deployed": 1751967767,
                "name": "jenkins",
                "namespace": "cicd",
                "notes": "CHART NAME: jenkins\nCHART VERSION: 12.6.7\nAPP VERSION: 2.426.3\n\n** Please be patient while the chart is being deployed **\n\n1. Get the Jenkins URL by running:\n\n** Please ensure an external IP is associated to the jenkins service before proceeding **\n** Watch the status using: kubectl get svc --namespace cicd -w jenkins **\n\n  export SERVICE_IP=$(kubectl get svc --namespace cicd jenkins --template \"{{ range (index .status.loadBalancer.ingress 0) }}{{ . }}{{ end }}\")\n  echo \"Jenkins URL: http://$SERVICE_IP/\"\n\n2. Login with the following credentials\n\n  echo Username: user\n  echo Password: $(kubectl get secret --namespace cicd jenkins -o jsonpath=\"{.data.jenkins-password}\" | base64 -d)\n",
                "revision": 2,
                "values": "{\"controller\":{\"adminPassword\":\"admin\",\"adminUser\":\"admin\",\"nodeSelector\":{\"kubernetes.io/hostname\":\"jenkins-node\"},\"service\":{\"nodePort\":31000,\"type\":\"NodePort\"}}}",
                "version": "12.6.7"
              }
            ],
            "name": "jenkins",
            "namespace": "cicd",
            "pass_credentials": false,
            "postrender": [],
            "recreate_pods": false,
            "render_subchart_notes": true,
            "replace": false,
            "repository": "https://charts.bitnami.com/bitnami",
            "repository_ca_file": null,
            "repository_cert_file": null,
            "repository_key_file": null,
            "repository_password": null,
            "repository_username": null,
            "reset_values": false,
            "reuse_values": false,
            "set": [],
            "set_list": [],
            "set_sensitive": [],
            "skip_crds": false,
            "status": "deployed",
            "timeout": 300,
            "upgrade_install": null,
            "values": [
              "controller:\r\n  adminUser: admin\r\n  adminPassword: admin\r\n  service:\r\n    type: NodePort\r\n    nodePort: 31000\r\n  nodeSelector:\r\n    kubernetes.io/hostname: \"jenkins-node\"\r\n"
            ],
            "verify": false,
            "version": "12.6.7",
            "wait": true,
            "wait_for_jobs": false
          },
          "sensitive_attributes": [
            [
              {
                "type": "get_attr",
                "value": "repository_password"
              }
            ]
          ],
          "identity_schema_version": 0,
          "private": "eyJzY2hlbWFfdmVyc2lvbiI6IjEifQ=="
        }
      ]
    }
  ],
  "check_results": null
}
